// !$*UTF8*$!
{
	archiveVersion = 1;
	classes = {
	};
	objectVersion = 54;
	objects = {

/* Begin PBXBuildFile section */
		1C7424A2853BAB4FAF6AB5FC /* libPods-BaseAlgorithm.a in Frameworks */ = {isa = PBXBuildFile; fileRef = 5219AE253A6F50C147F988A1 /* libPods-BaseAlgorithm.a */; };
		48075C7D21E49E8C0063CA8D /* AppDelegate.m in Sources */ = {isa = PBXBuildFile; fileRef = 48075C7C21E49E8C0063CA8D /* AppDelegate.m */; };
		48075C8321E49E8C0063CA8D /* SortViewController.m in Sources */ = {isa = PBXBuildFile; fileRef = 48075C8221E49E8C0063CA8D /* SortViewController.m */; };
		48075C8821E49E910063CA8D /* Assets.xcassets in Resources */ = {isa = PBXBuildFile; fileRef = 48075C8721E49E910063CA8D /* Assets.xcassets */; };
		48075C8B21E49E910063CA8D /* LaunchScreen.storyboard in Resources */ = {isa = PBXBuildFile; fileRef = 48075C8921E49E910063CA8D /* LaunchScreen.storyboard */; };
		48075C8E21E49E910063CA8D /* main.m in Sources */ = {isa = PBXBuildFile; fileRef = 48075C8D21E49E910063CA8D /* main.m */; };
		48075C9821E576B30063CA8D /* BinaryTreeNode.m in Sources */ = {isa = PBXBuildFile; fileRef = 48075C9721E576B30063CA8D /* BinaryTreeNode.m */; };
		48075C9C21E59F560063CA8D /* SortAlgorithm.m in Sources */ = {isa = PBXBuildFile; fileRef = 48075C9B21E59F560063CA8D /* SortAlgorithm.m */; };
		FA03691C2BA6CA4E0039D890 /* MethodClassA.m in Sources */ = {isa = PBXBuildFile; fileRef = FA03691B2BA6CA4E0039D890 /* MethodClassA.m */; };
		FA03691F2BA6CA5D0039D890 /* MethodClassB.m in Sources */ = {isa = PBXBuildFile; fileRef = FA03691E2BA6CA5D0039D890 /* MethodClassB.m */; };
		FA1DC1952BA82067000920F3 /* RunloopSimple.m in Sources */ = {isa = PBXBuildFile; fileRef = FA1DC1942BA82067000920F3 /* RunloopSimple.m */; };
		FA1DC1992BA82AA3000920F3 /* KVOSimple.m in Sources */ = {isa = PBXBuildFile; fileRef = FA1DC1982BA82AA3000920F3 /* KVOSimple.m */; };
		FA1DC19D2BA919AA000920F3 /* BlockSimple.m in Sources */ = {isa = PBXBuildFile; fileRef = FA1DC19C2BA919AA000920F3 /* BlockSimple.m */; };
		FA1DC1A12BA91A33000920F3 /* SimpleConfigManager.m in Sources */ = {isa = PBXBuildFile; fileRef = FA1DC1A02BA91A33000920F3 /* SimpleConfigManager.m */; };
		FA1DC1A42BA91D05000920F3 /* SimpleMode.m in Sources */ = {isa = PBXBuildFile; fileRef = FA1DC1A32BA91D05000920F3 /* SimpleMode.m */; };
		FA1DC1A82BA93A2D000920F3 /* BlockSimpleCode.m in Sources */ = {isa = PBXBuildFile; fileRef = FA1DC1A72BA93A2D000920F3 /* BlockSimpleCode.m */; };
		FA1DC1AD2BA93AD6000920F3 /* BlockSimpleCCode.m in Sources */ = {isa = PBXBuildFile; fileRef = FA1DC1AC2BA93AD6000920F3 /* BlockSimpleCCode.m */; };
		FA1DC1B12BAAD4DC000920F3 /* SimpleViewController.m in Sources */ = {isa = PBXBuildFile; fileRef = FA1DC1B02BAAD4DC000920F3 /* SimpleViewController.m */; };
		FA1DC1B42BAAD516000920F3 /* SimpleView.m in Sources */ = {isa = PBXBuildFile; fileRef = FA1DC1B32BAAD516000920F3 /* SimpleView.m */; };
		FA1DC1C02BAD2837000920F3 /* MvcViewController.m in Sources */ = {isa = PBXBuildFile; fileRef = FA1DC1BF2BAD2837000920F3 /* MvcViewController.m */; };
		FA1DC1C32BAD2851000920F3 /* MvcModel.m in Sources */ = {isa = PBXBuildFile; fileRef = FA1DC1C22BAD2851000920F3 /* MvcModel.m */; };
		FA1DC1C62BAD2862000920F3 /* MvcView.m in Sources */ = {isa = PBXBuildFile; fileRef = FA1DC1C52BAD2862000920F3 /* MvcView.m */; };
		FA3632B621E82DA400ADCDD8 /* GCDSimple.m in Sources */ = {isa = PBXBuildFile; fileRef = FA3632B521E82DA400ADCDD8 /* GCDSimple.m */; };
		FA3632BA21E8828600ADCDD8 /* NSOperationSimple.m in Sources */ = {isa = PBXBuildFile; fileRef = FA3632B921E8828600ADCDD8 /* NSOperationSimple.m */; };
		FA3632BD21E88A3600ADCDD8 /* JMOperation.m in Sources */ = {isa = PBXBuildFile; fileRef = FA3632BC21E88A3600ADCDD8 /* JMOperation.m */; };
		FA7380362BB1031400D1534E /* ProtocolRouteMediator.m in Sources */ = {isa = PBXBuildFile; fileRef = FA7380352BB1031400D1534E /* ProtocolRouteMediator.m */; };
		FA73803B2BB1045B00D1534E /* ProtcolRouteBaseVC.m in Sources */ = {isa = PBXBuildFile; fileRef = FA73803A2BB1045B00D1534E /* ProtcolRouteBaseVC.m */; };
		FA7567DC2BAD70B800408700 /* UIButton+hook.m in Sources */ = {isa = PBXBuildFile; fileRef = FA7567DB2BAD70B800408700 /* UIButton+hook.m */; };
		FA7567E22BAD73EF00408700 /* TvRemort.m in Sources */ = {isa = PBXBuildFile; fileRef = FA7567E12BAD73EF00408700 /* TvRemort.m */; };
		FA7567E52BAD751600408700 /* imageType.m in Sources */ = {isa = PBXBuildFile; fileRef = FA7567E42BAD751600408700 /* imageType.m */; };
		FA75682D2BAECBC200408700 /* MGJRouter.m in Sources */ = {isa = PBXBuildFile; fileRef = FA7568292BAECBC200408700 /* MGJRouter.m */; };
		FA75682E2BAECBC200408700 /* CTMediator.m in Sources */ = {isa = PBXBuildFile; fileRef = FA75682B2BAECBC200408700 /* CTMediator.m */; };
		FA7568332BAECC2600408700 /* CTMediatorAVC.m in Sources */ = {isa = PBXBuildFile; fileRef = FA7568322BAECC2600408700 /* CTMediatorAVC.m */; };
		FA7568362BAECC3300408700 /* CTMediatorBVC.m in Sources */ = {isa = PBXBuildFile; fileRef = FA7568352BAECC3300408700 /* CTMediatorBVC.m */; };
		FA7568392BAECD0D00408700 /* Target_CTMediatorAVC.m in Sources */ = {isa = PBXBuildFile; fileRef = FA7568382BAECD0D00408700 /* Target_CTMediatorAVC.m */; };
		FA75683C2BAECD2100408700 /* Target_CTMediatorBVC.m in Sources */ = {isa = PBXBuildFile; fileRef = FA75683B2BAECD2100408700 /* Target_CTMediatorBVC.m */; };
		FA75683F2BAECDE200408700 /* CTMediator+PageJump.m in Sources */ = {isa = PBXBuildFile; fileRef = FA75683E2BAECDE200408700 /* CTMediator+PageJump.m */; };
		FA7568422BAECF1C00408700 /* CTMediatorToolCommon.m in Sources */ = {isa = PBXBuildFile; fileRef = FA7568412BAECF1C00408700 /* CTMediatorToolCommon.m */; };
		FA7568452BAECF3C00408700 /* Target_CTMediatorToolCommon.m in Sources */ = {isa = PBXBuildFile; fileRef = FA7568442BAECF3C00408700 /* Target_CTMediatorToolCommon.m */; };
		FA7568482BAECFF500408700 /* CTMediator+Fundication.m in Sources */ = {isa = PBXBuildFile; fileRef = FA7568472BAECFF500408700 /* CTMediator+Fundication.m */; };
		FA75684C2BAED38E00408700 /* RootViewController.m in Sources */ = {isa = PBXBuildFile; fileRef = FA75684A2BAED38E00408700 /* RootViewController.m */; };
		FA7568512BB022B700408700 /* NSArray+Safe.m in Sources */ = {isa = PBXBuildFile; fileRef = FA7568502BB022B700408700 /* NSArray+Safe.m */; };
		FA7568542BB0240100408700 /* runtime.m in Sources */ = {isa = PBXBuildFile; fileRef = FA7568522BB0240100408700 /* runtime.m */; };
		FA828CDA2BA2EE3F00EAD006 /* RuntimrSimple.m in Sources */ = {isa = PBXBuildFile; fileRef = FA828CD92BA2EE3F00EAD006 /* RuntimrSimple.m */; };
/* End PBXBuildFile section */

/* Begin PBXFileReference section */
		0A991D469394336ABBF0B8FC /* Pods-BaseAlgorithm.debug.xcconfig */ = {isa = PBXFileReference; includeInIndex = 1; lastKnownFileType = text.xcconfig; name = "Pods-BaseAlgorithm.debug.xcconfig"; path = "Target Support Files/Pods-BaseAlgorithm/Pods-BaseAlgorithm.debug.xcconfig"; sourceTree = "<group>"; };
		48075C7821E49E8C0063CA8D /* BaseAlgorithm.app */ = {isa = PBXFileReference; explicitFileType = wrapper.application; includeInIndex = 0; path = BaseAlgorithm.app; sourceTree = BUILT_PRODUCTS_DIR; };
		48075C7B21E49E8C0063CA8D /* AppDelegate.h */ = {isa = PBXFileReference; lastKnownFileType = sourcecode.c.h; path = AppDelegate.h; sourceTree = "<group>"; };
		48075C7C21E49E8C0063CA8D /* AppDelegate.m */ = {isa = PBXFileReference; lastKnownFileType = sourcecode.c.objc; path = AppDelegate.m; sourceTree = "<group>"; };
		48075C8121E49E8C0063CA8D /* SortViewController.h */ = {isa = PBXFileReference; lastKnownFileType = sourcecode.c.h; path = SortViewController.h; sourceTree = "<group>"; };
		48075C8221E49E8C0063CA8D /* SortViewController.m */ = {isa = PBXFileReference; lastKnownFileType = sourcecode.c.objc; path = SortViewController.m; sourceTree = "<group>"; };
		48075C8721E49E910063CA8D /* Assets.xcassets */ = {isa = PBXFileReference; lastKnownFileType = folder.assetcatalog; path = Assets.xcassets; sourceTree = "<group>"; };
		48075C8A21E49E910063CA8D /* Base */ = {isa = PBXFileReference; lastKnownFileType = file.storyboard; name = Base; path = Base.lproj/LaunchScreen.storyboard; sourceTree = "<group>"; };
		48075C8C21E49E910063CA8D /* Info.plist */ = {isa = PBXFileReference; lastKnownFileType = text.plist.xml; path = Info.plist; sourceTree = "<group>"; };
		48075C8D21E49E910063CA8D /* main.m */ = {isa = PBXFileReference; lastKnownFileType = sourcecode.c.objc; path = main.m; sourceTree = "<group>"; };
		48075C9621E576B30063CA8D /* BinaryTreeNode.h */ = {isa = PBXFileReference; lastKnownFileType = sourcecode.c.h; path = BinaryTreeNode.h; sourceTree = "<group>"; };
		48075C9721E576B30063CA8D /* BinaryTreeNode.m */ = {isa = PBXFileReference; lastKnownFileType = sourcecode.c.objc; path = BinaryTreeNode.m; sourceTree = "<group>"; };
		48075C9A21E59F560063CA8D /* SortAlgorithm.h */ = {isa = PBXFileReference; lastKnownFileType = sourcecode.c.h; path = SortAlgorithm.h; sourceTree = "<group>"; };
		48075C9B21E59F560063CA8D /* SortAlgorithm.m */ = {isa = PBXFileReference; lastKnownFileType = sourcecode.c.objc; path = SortAlgorithm.m; sourceTree = "<group>"; };
		5219AE253A6F50C147F988A1 /* libPods-BaseAlgorithm.a */ = {isa = PBXFileReference; explicitFileType = archive.ar; includeInIndex = 0; path = "libPods-BaseAlgorithm.a"; sourceTree = BUILT_PRODUCTS_DIR; };
		F103938412E18DC244EBF304 /* Pods-BaseAlgorithm.release.xcconfig */ = {isa = PBXFileReference; includeInIndex = 1; lastKnownFileType = text.xcconfig; name = "Pods-BaseAlgorithm.release.xcconfig"; path = "Target Support Files/Pods-BaseAlgorithm/Pods-BaseAlgorithm.release.xcconfig"; sourceTree = "<group>"; };
		FA03691A2BA6CA4E0039D890 /* MethodClassA.h */ = {isa = PBXFileReference; lastKnownFileType = sourcecode.c.h; path = MethodClassA.h; sourceTree = "<group>"; };
		FA03691B2BA6CA4E0039D890 /* MethodClassA.m */ = {isa = PBXFileReference; lastKnownFileType = sourcecode.c.objc; path = MethodClassA.m; sourceTree = "<group>"; };
		FA03691D2BA6CA5D0039D890 /* MethodClassB.h */ = {isa = PBXFileReference; lastKnownFileType = sourcecode.c.h; path = MethodClassB.h; sourceTree = "<group>"; };
		FA03691E2BA6CA5D0039D890 /* MethodClassB.m */ = {isa = PBXFileReference; lastKnownFileType = sourcecode.c.objc; path = MethodClassB.m; sourceTree = "<group>"; };
		FA1DC1932BA82067000920F3 /* RunloopSimple.h */ = {isa = PBXFileReference; lastKnownFileType = sourcecode.c.h; path = RunloopSimple.h; sourceTree = "<group>"; };
		FA1DC1942BA82067000920F3 /* RunloopSimple.m */ = {isa = PBXFileReference; lastKnownFileType = sourcecode.c.objc; path = RunloopSimple.m; sourceTree = "<group>"; };
		FA1DC1972BA82AA3000920F3 /* KVOSimple.h */ = {isa = PBXFileReference; lastKnownFileType = sourcecode.c.h; path = KVOSimple.h; sourceTree = "<group>"; };
		FA1DC1982BA82AA3000920F3 /* KVOSimple.m */ = {isa = PBXFileReference; lastKnownFileType = sourcecode.c.objc; path = KVOSimple.m; sourceTree = "<group>"; };
		FA1DC19B2BA919AA000920F3 /* BlockSimple.h */ = {isa = PBXFileReference; lastKnownFileType = sourcecode.c.h; path = BlockSimple.h; sourceTree = "<group>"; };
		FA1DC19C2BA919AA000920F3 /* BlockSimple.m */ = {isa = PBXFileReference; lastKnownFileType = sourcecode.c.objc; path = BlockSimple.m; sourceTree = "<group>"; };
		FA1DC19F2BA91A33000920F3 /* SimpleConfigManager.h */ = {isa = PBXFileReference; lastKnownFileType = sourcecode.c.h; path = SimpleConfigManager.h; sourceTree = "<group>"; };
		FA1DC1A02BA91A33000920F3 /* SimpleConfigManager.m */ = {isa = PBXFileReference; lastKnownFileType = sourcecode.c.objc; path = SimpleConfigManager.m; sourceTree = "<group>"; };
		FA1DC1A22BA91D05000920F3 /* SimpleMode.h */ = {isa = PBXFileReference; lastKnownFileType = sourcecode.c.h; path = SimpleMode.h; sourceTree = "<group>"; };
		FA1DC1A32BA91D05000920F3 /* SimpleMode.m */ = {isa = PBXFileReference; lastKnownFileType = sourcecode.c.objc; path = SimpleMode.m; sourceTree = "<group>"; };
		FA1DC1A52BA92461000920F3 /* SimpleBaseMacros.h */ = {isa = PBXFileReference; lastKnownFileType = sourcecode.c.h; path = SimpleBaseMacros.h; sourceTree = "<group>"; };
		FA1DC1A62BA93A2D000920F3 /* BlockSimpleCode.h */ = {isa = PBXFileReference; lastKnownFileType = sourcecode.c.h; path = BlockSimpleCode.h; sourceTree = "<group>"; };
		FA1DC1A72BA93A2D000920F3 /* BlockSimpleCode.m */ = {isa = PBXFileReference; lastKnownFileType = sourcecode.c.objc; path = BlockSimpleCode.m; sourceTree = "<group>"; };
		FA1DC1AC2BA93AD6000920F3 /* BlockSimpleCCode.m */ = {isa = PBXFileReference; lastKnownFileType = sourcecode.c.objc; path = BlockSimpleCCode.m; sourceTree = "<group>"; };
		FA1DC1AF2BAAD4DC000920F3 /* SimpleViewController.h */ = {isa = PBXFileReference; lastKnownFileType = sourcecode.c.h; path = SimpleViewController.h; sourceTree = "<group>"; };
		FA1DC1B02BAAD4DC000920F3 /* SimpleViewController.m */ = {isa = PBXFileReference; lastKnownFileType = sourcecode.c.objc; path = SimpleViewController.m; sourceTree = "<group>"; };
		FA1DC1B22BAAD516000920F3 /* SimpleView.h */ = {isa = PBXFileReference; lastKnownFileType = sourcecode.c.h; path = SimpleView.h; sourceTree = "<group>"; };
		FA1DC1B32BAAD516000920F3 /* SimpleView.m */ = {isa = PBXFileReference; lastKnownFileType = sourcecode.c.objc; path = SimpleView.m; sourceTree = "<group>"; };
		FA1DC1BE2BAD2837000920F3 /* MvcViewController.h */ = {isa = PBXFileReference; lastKnownFileType = sourcecode.c.h; path = MvcViewController.h; sourceTree = "<group>"; };
		FA1DC1BF2BAD2837000920F3 /* MvcViewController.m */ = {isa = PBXFileReference; lastKnownFileType = sourcecode.c.objc; path = MvcViewController.m; sourceTree = "<group>"; };
		FA1DC1C12BAD2851000920F3 /* MvcModel.h */ = {isa = PBXFileReference; lastKnownFileType = sourcecode.c.h; path = MvcModel.h; sourceTree = "<group>"; };
		FA1DC1C22BAD2851000920F3 /* MvcModel.m */ = {isa = PBXFileReference; lastKnownFileType = sourcecode.c.objc; path = MvcModel.m; sourceTree = "<group>"; };
		FA1DC1C42BAD2862000920F3 /* MvcView.h */ = {isa = PBXFileReference; lastKnownFileType = sourcecode.c.h; path = MvcView.h; sourceTree = "<group>"; };
		FA1DC1C52BAD2862000920F3 /* MvcView.m */ = {isa = PBXFileReference; lastKnownFileType = sourcecode.c.objc; path = MvcView.m; sourceTree = "<group>"; };
		FA3632B421E82DA400ADCDD8 /* GCDSimple.h */ = {isa = PBXFileReference; lastKnownFileType = sourcecode.c.h; path = GCDSimple.h; sourceTree = "<group>"; };
		FA3632B521E82DA400ADCDD8 /* GCDSimple.m */ = {isa = PBXFileReference; lastKnownFileType = sourcecode.c.objc; path = GCDSimple.m; sourceTree = "<group>"; };
		FA3632B821E8828600ADCDD8 /* NSOperationSimple.h */ = {isa = PBXFileReference; lastKnownFileType = sourcecode.c.h; path = NSOperationSimple.h; sourceTree = "<group>"; };
		FA3632B921E8828600ADCDD8 /* NSOperationSimple.m */ = {isa = PBXFileReference; lastKnownFileType = sourcecode.c.objc; path = NSOperationSimple.m; sourceTree = "<group>"; };
		FA3632BB21E88A3600ADCDD8 /* JMOperation.h */ = {isa = PBXFileReference; lastKnownFileType = sourcecode.c.h; path = JMOperation.h; sourceTree = "<group>"; };
		FA3632BC21E88A3600ADCDD8 /* JMOperation.m */ = {isa = PBXFileReference; lastKnownFileType = sourcecode.c.objc; path = JMOperation.m; sourceTree = "<group>"; };
		FA7380342BB1031400D1534E /* ProtocolRouteMediator.h */ = {isa = PBXFileReference; lastKnownFileType = sourcecode.c.h; path = ProtocolRouteMediator.h; sourceTree = "<group>"; };
		FA7380352BB1031400D1534E /* ProtocolRouteMediator.m */ = {isa = PBXFileReference; lastKnownFileType = sourcecode.c.objc; path = ProtocolRouteMediator.m; sourceTree = "<group>"; };
		FA7380372BB1039500D1534E /* ProtocolRouteMediatorProtocol.h */ = {isa = PBXFileReference; lastKnownFileType = sourcecode.c.h; path = ProtocolRouteMediatorProtocol.h; sourceTree = "<group>"; };
		FA7380392BB1045B00D1534E /* ProtcolRouteBaseVC.h */ = {isa = PBXFileReference; lastKnownFileType = sourcecode.c.h; path = ProtcolRouteBaseVC.h; sourceTree = "<group>"; };
		FA73803A2BB1045B00D1534E /* ProtcolRouteBaseVC.m */ = {isa = PBXFileReference; lastKnownFileType = sourcecode.c.objc; path = ProtcolRouteBaseVC.m; sourceTree = "<group>"; };
		FA7567DA2BAD70B800408700 /* UIButton+hook.h */ = {isa = PBXFileReference; fileEncoding = 4; lastKnownFileType = sourcecode.c.h; path = "UIButton+hook.h"; sourceTree = "<group>"; };
		FA7567DB2BAD70B800408700 /* UIButton+hook.m */ = {isa = PBXFileReference; fileEncoding = 4; lastKnownFileType = sourcecode.c.objc; path = "UIButton+hook.m"; sourceTree = "<group>"; };
		FA7567DF2BAD739A00408700 /* TvRemortImp.h */ = {isa = PBXFileReference; lastKnownFileType = sourcecode.c.h; path = TvRemortImp.h; sourceTree = "<group>"; };
		FA7567E02BAD73EF00408700 /* TvRemort.h */ = {isa = PBXFileReference; lastKnownFileType = sourcecode.c.h; path = TvRemort.h; sourceTree = "<group>"; };
		FA7567E12BAD73EF00408700 /* TvRemort.m */ = {isa = PBXFileReference; lastKnownFileType = sourcecode.c.objc; path = TvRemort.m; sourceTree = "<group>"; };
		FA7567E32BAD751600408700 /* imageType.h */ = {isa = PBXFileReference; lastKnownFileType = sourcecode.c.h; path = imageType.h; sourceTree = "<group>"; };
		FA7567E42BAD751600408700 /* imageType.m */ = {isa = PBXFileReference; lastKnownFileType = sourcecode.c.objc; path = imageType.m; sourceTree = "<group>"; };
		FA7568282BAECBC200408700 /* MGJRouter.h */ = {isa = PBXFileReference; fileEncoding = 4; lastKnownFileType = sourcecode.c.h; path = MGJRouter.h; sourceTree = "<group>"; };
		FA7568292BAECBC200408700 /* MGJRouter.m */ = {isa = PBXFileReference; fileEncoding = 4; lastKnownFileType = sourcecode.c.objc; path = MGJRouter.m; sourceTree = "<group>"; };
		FA75682B2BAECBC200408700 /* CTMediator.m */ = {isa = PBXFileReference; fileEncoding = 4; lastKnownFileType = sourcecode.c.objc; path = CTMediator.m; sourceTree = "<group>"; };
		FA75682C2BAECBC200408700 /* CTMediator.h */ = {isa = PBXFileReference; fileEncoding = 4; lastKnownFileType = sourcecode.c.h; path = CTMediator.h; sourceTree = "<group>"; };
		FA7568312BAECC2600408700 /* CTMediatorAVC.h */ = {isa = PBXFileReference; lastKnownFileType = sourcecode.c.h; path = CTMediatorAVC.h; sourceTree = "<group>"; };
		FA7568322BAECC2600408700 /* CTMediatorAVC.m */ = {isa = PBXFileReference; lastKnownFileType = sourcecode.c.objc; path = CTMediatorAVC.m; sourceTree = "<group>"; };
		FA7568342BAECC3300408700 /* CTMediatorBVC.h */ = {isa = PBXFileReference; lastKnownFileType = sourcecode.c.h; path = CTMediatorBVC.h; sourceTree = "<group>"; };
		FA7568352BAECC3300408700 /* CTMediatorBVC.m */ = {isa = PBXFileReference; lastKnownFileType = sourcecode.c.objc; path = CTMediatorBVC.m; sourceTree = "<group>"; };
		FA7568372BAECD0D00408700 /* Target_CTMediatorAVC.h */ = {isa = PBXFileReference; lastKnownFileType = sourcecode.c.h; path = Target_CTMediatorAVC.h; sourceTree = "<group>"; };
		FA7568382BAECD0D00408700 /* Target_CTMediatorAVC.m */ = {isa = PBXFileReference; lastKnownFileType = sourcecode.c.objc; path = Target_CTMediatorAVC.m; sourceTree = "<group>"; };
		FA75683A2BAECD2100408700 /* Target_CTMediatorBVC.h */ = {isa = PBXFileReference; lastKnownFileType = sourcecode.c.h; path = Target_CTMediatorBVC.h; sourceTree = "<group>"; };
		FA75683B2BAECD2100408700 /* Target_CTMediatorBVC.m */ = {isa = PBXFileReference; lastKnownFileType = sourcecode.c.objc; path = Target_CTMediatorBVC.m; sourceTree = "<group>"; };
		FA75683D2BAECDE200408700 /* CTMediator+PageJump.h */ = {isa = PBXFileReference; fileEncoding = 4; lastKnownFileType = sourcecode.c.h; path = "CTMediator+PageJump.h"; sourceTree = "<group>"; };
		FA75683E2BAECDE200408700 /* CTMediator+PageJump.m */ = {isa = PBXFileReference; fileEncoding = 4; lastKnownFileType = sourcecode.c.objc; path = "CTMediator+PageJump.m"; sourceTree = "<group>"; };
		FA7568402BAECF1C00408700 /* CTMediatorToolCommon.h */ = {isa = PBXFileReference; lastKnownFileType = sourcecode.c.h; path = CTMediatorToolCommon.h; sourceTree = "<group>"; };
		FA7568412BAECF1C00408700 /* CTMediatorToolCommon.m */ = {isa = PBXFileReference; lastKnownFileType = sourcecode.c.objc; path = CTMediatorToolCommon.m; sourceTree = "<group>"; };
		FA7568432BAECF3C00408700 /* Target_CTMediatorToolCommon.h */ = {isa = PBXFileReference; lastKnownFileType = sourcecode.c.h; path = Target_CTMediatorToolCommon.h; sourceTree = "<group>"; };
		FA7568442BAECF3C00408700 /* Target_CTMediatorToolCommon.m */ = {isa = PBXFileReference; lastKnownFileType = sourcecode.c.objc; path = Target_CTMediatorToolCommon.m; sourceTree = "<group>"; };
		FA7568462BAECFF500408700 /* CTMediator+Fundication.h */ = {isa = PBXFileReference; fileEncoding = 4; lastKnownFileType = sourcecode.c.h; path = "CTMediator+Fundication.h"; sourceTree = "<group>"; };
		FA7568472BAECFF500408700 /* CTMediator+Fundication.m */ = {isa = PBXFileReference; fileEncoding = 4; lastKnownFileType = sourcecode.c.objc; path = "CTMediator+Fundication.m"; sourceTree = "<group>"; };
		FA75684A2BAED38E00408700 /* RootViewController.m */ = {isa = PBXFileReference; fileEncoding = 4; lastKnownFileType = sourcecode.c.objc; path = RootViewController.m; sourceTree = "<group>"; };
		FA75684B2BAED38E00408700 /* RootViewController.h */ = {isa = PBXFileReference; fileEncoding = 4; lastKnownFileType = sourcecode.c.h; path = RootViewController.h; sourceTree = "<group>"; };
		FA75684F2BB022B700408700 /* NSArray+Safe.h */ = {isa = PBXFileReference; fileEncoding = 4; lastKnownFileType = sourcecode.c.h; path = "NSArray+Safe.h"; sourceTree = "<group>"; };
		FA7568502BB022B700408700 /* NSArray+Safe.m */ = {isa = PBXFileReference; fileEncoding = 4; lastKnownFileType = sourcecode.c.objc; path = "NSArray+Safe.m"; sourceTree = "<group>"; };
		FA7568522BB0240100408700 /* runtime.m */ = {isa = PBXFileReference; fileEncoding = 4; lastKnownFileType = sourcecode.c.objc; path = runtime.m; sourceTree = "<group>"; };
		FA7568532BB0240100408700 /* runtime.h */ = {isa = PBXFileReference; fileEncoding = 4; lastKnownFileType = sourcecode.c.h; path = runtime.h; sourceTree = "<group>"; };
		FA828CD82BA2EE3F00EAD006 /* RuntimrSimple.h */ = {isa = PBXFileReference; lastKnownFileType = sourcecode.c.h; path = RuntimrSimple.h; sourceTree = "<group>"; };
		FA828CD92BA2EE3F00EAD006 /* RuntimrSimple.m */ = {isa = PBXFileReference; lastKnownFileType = sourcecode.c.objc; path = RuntimrSimple.m; sourceTree = "<group>"; };
/* End PBXFileReference section */

/* Begin PBXFrameworksBuildPhase section */
		48075C7521E49E8C0063CA8D /* Frameworks */ = {
			isa = PBXFrameworksBuildPhase;
			buildActionMask = 2147483647;
			files = (
				1C7424A2853BAB4FAF6AB5FC /* libPods-BaseAlgorithm.a in Frameworks */,
			);
			runOnlyForDeploymentPostprocessing = 0;
		};
/* End PBXFrameworksBuildPhase section */

/* Begin PBXGroup section */
		48075C6F21E49E8C0063CA8D = {
			isa = PBXGroup;
			children = (
				48075C7A21E49E8C0063CA8D /* BaseAlgorithm */,
				48075C7921E49E8C0063CA8D /* Products */,
				982BFE58AEDB1FDC3DD27E61 /* Pods */,
				8358105DD78FD325C0ABA16F /* Frameworks */,
			);
			sourceTree = "<group>";
		};
		48075C7921E49E8C0063CA8D /* Products */ = {
			isa = PBXGroup;
			children = (
				48075C7821E49E8C0063CA8D /* BaseAlgorithm.app */,
			);
			name = Products;
			sourceTree = "<group>";
		};
		48075C7A21E49E8C0063CA8D /* BaseAlgorithm */ = {
			isa = PBXGroup;
			children = (
				FA75682F2BAECBF500408700 /* RouteSimple */,
				FA7568262BAECB5D00408700 /* ThirdLibrary */,
				FA1DC1B92BAD27F1000920F3 /* FrameWorkSimple */,
				FA1DC1AE2BAAD4C1000920F3 /* SimpleView */,
				FA1DC19E2BA91A14000920F3 /* Tools */,
				FA1DC19A2BA91993000920F3 /* BlockSimple */,
				FA1DC1962BA82A90000920F3 /* KVOSimple */,
				FA1DC1922BA8204E000920F3 /* RunLoopSimple */,
				FA828CD72BA2EE1E00EAD006 /* RuntimeSimple */,
				FA3632B721E8826C00ADCDD8 /* NSOperation */,
				FA3632B321E82D8700ADCDD8 /* GCD */,
				48075C9921E59F350063CA8D /* SortAlgorithm */,
				48075C7B21E49E8C0063CA8D /* AppDelegate.h */,
				48075C7C21E49E8C0063CA8D /* AppDelegate.m */,
				FA75684B2BAED38E00408700 /* RootViewController.h */,
				FA75684A2BAED38E00408700 /* RootViewController.m */,
				48075C8121E49E8C0063CA8D /* SortViewController.h */,
				48075C8221E49E8C0063CA8D /* SortViewController.m */,
				48075C8721E49E910063CA8D /* Assets.xcassets */,
				48075C8921E49E910063CA8D /* LaunchScreen.storyboard */,
				48075C8C21E49E910063CA8D /* Info.plist */,
				48075C8D21E49E910063CA8D /* main.m */,
			);
			path = BaseAlgorithm;
			sourceTree = "<group>";
		};
		48075C9521E5767D0063CA8D /* BinaryTree */ = {
			isa = PBXGroup;
			children = (
				48075C9621E576B30063CA8D /* BinaryTreeNode.h */,
				48075C9721E576B30063CA8D /* BinaryTreeNode.m */,
			);
			path = BinaryTree;
			sourceTree = "<group>";
		};
		48075C9921E59F350063CA8D /* SortAlgorithm */ = {
			isa = PBXGroup;
			children = (
				48075C9521E5767D0063CA8D /* BinaryTree */,
				48075C9A21E59F560063CA8D /* SortAlgorithm.h */,
				48075C9B21E59F560063CA8D /* SortAlgorithm.m */,
			);
			path = SortAlgorithm;
			sourceTree = "<group>";
		};
		8358105DD78FD325C0ABA16F /* Frameworks */ = {
			isa = PBXGroup;
			children = (
				5219AE253A6F50C147F988A1 /* libPods-BaseAlgorithm.a */,
			);
			name = Frameworks;
			sourceTree = "<group>";
		};
		982BFE58AEDB1FDC3DD27E61 /* Pods */ = {
			isa = PBXGroup;
			children = (
				0A991D469394336ABBF0B8FC /* Pods-BaseAlgorithm.debug.xcconfig */,
				F103938412E18DC244EBF304 /* Pods-BaseAlgorithm.release.xcconfig */,
			);
			path = Pods;
			sourceTree = "<group>";
		};
		FA1DC1922BA8204E000920F3 /* RunLoopSimple */ = {
			isa = PBXGroup;
			children = (
				FA1DC1932BA82067000920F3 /* RunloopSimple.h */,
				FA1DC1942BA82067000920F3 /* RunloopSimple.m */,
			);
			path = RunLoopSimple;
			sourceTree = "<group>";
		};
		FA1DC1962BA82A90000920F3 /* KVOSimple */ = {
			isa = PBXGroup;
			children = (
				FA1DC1972BA82AA3000920F3 /* KVOSimple.h */,
				FA1DC1982BA82AA3000920F3 /* KVOSimple.m */,
			);
			path = KVOSimple;
			sourceTree = "<group>";
		};
		FA1DC19A2BA91993000920F3 /* BlockSimple */ = {
			isa = PBXGroup;
			children = (
				FA1DC19B2BA919AA000920F3 /* BlockSimple.h */,
				FA1DC19C2BA919AA000920F3 /* BlockSimple.m */,
				FA1DC1A62BA93A2D000920F3 /* BlockSimpleCode.h */,
				FA1DC1A72BA93A2D000920F3 /* BlockSimpleCode.m */,
				FA1DC1AC2BA93AD6000920F3 /* BlockSimpleCCode.m */,
			);
			path = BlockSimple;
			sourceTree = "<group>";
		};
		FA1DC19E2BA91A14000920F3 /* Tools */ = {
			isa = PBXGroup;
			children = (
				FA7568532BB0240100408700 /* runtime.h */,
				FA7568522BB0240100408700 /* runtime.m */,
				FA75684E2BB0226C00408700 /* categoary */,
				FA1DC19F2BA91A33000920F3 /* SimpleConfigManager.h */,
				FA1DC1A02BA91A33000920F3 /* SimpleConfigManager.m */,
				FA1DC1A22BA91D05000920F3 /* SimpleMode.h */,
				FA1DC1A32BA91D05000920F3 /* SimpleMode.m */,
				FA1DC1A52BA92461000920F3 /* SimpleBaseMacros.h */,
			);
			path = Tools;
			sourceTree = "<group>";
		};
		FA1DC1AE2BAAD4C1000920F3 /* SimpleView */ = {
			isa = PBXGroup;
			children = (
				FA1DC1B52BAC1C94000920F3 /* category */,
				FA1DC1AF2BAAD4DC000920F3 /* SimpleViewController.h */,
				FA1DC1B02BAAD4DC000920F3 /* SimpleViewController.m */,
				FA1DC1B22BAAD516000920F3 /* SimpleView.h */,
				FA1DC1B32BAAD516000920F3 /* SimpleView.m */,
			);
			path = SimpleView;
			sourceTree = "<group>";
		};
		FA1DC1B52BAC1C94000920F3 /* category */ = {
			isa = PBXGroup;
			children = (
				FA7567DA2BAD70B800408700 /* UIButton+hook.h */,
				FA7567DB2BAD70B800408700 /* UIButton+hook.m */,
			);
			path = category;
			sourceTree = "<group>";
		};
		FA1DC1B92BAD27F1000920F3 /* FrameWorkSimple */ = {
			isa = PBXGroup;
			children = (
				FA7567DE2BAD735E00408700 /* BridgeSimple */,
				FA1DC1BC2BAD2815000920F3 /* MVVM */,
				FA1DC1BB2BAD280F000920F3 /* MVP */,
				FA1DC1BA2BAD2808000920F3 /* MVC */,
			);
			path = FrameWorkSimple;
			sourceTree = "<group>";
		};
		FA1DC1BA2BAD2808000920F3 /* MVC */ = {
			isa = PBXGroup;
			children = (
				FA1DC1BE2BAD2837000920F3 /* MvcViewController.h */,
				FA1DC1BF2BAD2837000920F3 /* MvcViewController.m */,
				FA1DC1C12BAD2851000920F3 /* MvcModel.h */,
				FA1DC1C22BAD2851000920F3 /* MvcModel.m */,
				FA1DC1C42BAD2862000920F3 /* MvcView.h */,
				FA1DC1C52BAD2862000920F3 /* MvcView.m */,
			);
			path = MVC;
			sourceTree = "<group>";
		};
		FA1DC1BB2BAD280F000920F3 /* MVP */ = {
			isa = PBXGroup;
			children = (
			);
			path = MVP;
			sourceTree = "<group>";
		};
		FA1DC1BC2BAD2815000920F3 /* MVVM */ = {
			isa = PBXGroup;
			children = (
			);
			path = MVVM;
			sourceTree = "<group>";
		};
		FA3632B321E82D8700ADCDD8 /* GCD */ = {
			isa = PBXGroup;
			children = (
				FA3632B421E82DA400ADCDD8 /* GCDSimple.h */,
				FA3632B521E82DA400ADCDD8 /* GCDSimple.m */,
			);
			path = GCD;
			sourceTree = "<group>";
		};
		FA3632B721E8826C00ADCDD8 /* NSOperation */ = {
			isa = PBXGroup;
			children = (
				FA3632B821E8828600ADCDD8 /* NSOperationSimple.h */,
				FA3632B921E8828600ADCDD8 /* NSOperationSimple.m */,
				FA3632BB21E88A3600ADCDD8 /* JMOperation.h */,
				FA3632BC21E88A3600ADCDD8 /* JMOperation.m */,
			);
			path = NSOperation;
			sourceTree = "<group>";
		};
		FA7380382BB1043600D1534E /* ProtcolRoutePage */ = {
			isa = PBXGroup;
			children = (
				FA7380392BB1045B00D1534E /* ProtcolRouteBaseVC.h */,
				FA73803A2BB1045B00D1534E /* ProtcolRouteBaseVC.m */,
			);
			path = ProtcolRoutePage;
			sourceTree = "<group>";
		};
		FA7567DE2BAD735E00408700 /* BridgeSimple */ = {
			isa = PBXGroup;
			children = (
				FA7567DF2BAD739A00408700 /* TvRemortImp.h */,
				FA7567E02BAD73EF00408700 /* TvRemort.h */,
				FA7567E12BAD73EF00408700 /* TvRemort.m */,
				FA7567E32BAD751600408700 /* imageType.h */,
				FA7567E42BAD751600408700 /* imageType.m */,
			);
			path = BridgeSimple;
			sourceTree = "<group>";
		};
		FA7568262BAECB5D00408700 /* ThirdLibrary */ = {
			isa = PBXGroup;
			children = (
				FA75682A2BAECBC200408700 /* CTMediator */,
				FA7568272BAECBC200408700 /* MGJRouter */,
			);
			path = ThirdLibrary;
			sourceTree = "<group>";
		};
		FA7568272BAECBC200408700 /* MGJRouter */ = {
			isa = PBXGroup;
			children = (
				FA7568282BAECBC200408700 /* MGJRouter.h */,
				FA7568292BAECBC200408700 /* MGJRouter.m */,
			);
			path = MGJRouter;
			sourceTree = "<group>";
		};
		FA75682A2BAECBC200408700 /* CTMediator */ = {
			isa = PBXGroup;
			children = (
				FA75682B2BAECBC200408700 /* CTMediator.m */,
				FA75682C2BAECBC200408700 /* CTMediator.h */,
			);
			path = CTMediator;
			sourceTree = "<group>";
		};
		FA75682F2BAECBF500408700 /* RouteSimple */ = {
			isa = PBXGroup;
			children = (
				FA75684D2BAEDB7A00408700 /* ProtcolRoute */,
				FA7568492BAED31F00408700 /* CTMediator */,
			);
			path = RouteSimple;
			sourceTree = "<group>";
		};
		FA7568302BAECC0F00408700 /* CTMediatorPage */ = {
			isa = PBXGroup;
			children = (
				FA7568312BAECC2600408700 /* CTMediatorAVC.h */,
				FA7568322BAECC2600408700 /* CTMediatorAVC.m */,
				FA7568342BAECC3300408700 /* CTMediatorBVC.h */,
				FA7568352BAECC3300408700 /* CTMediatorBVC.m */,
				FA7568372BAECD0D00408700 /* Target_CTMediatorAVC.h */,
				FA7568382BAECD0D00408700 /* Target_CTMediatorAVC.m */,
				FA75683A2BAECD2100408700 /* Target_CTMediatorBVC.h */,
				FA75683B2BAECD2100408700 /* Target_CTMediatorBVC.m */,
				FA7568402BAECF1C00408700 /* CTMediatorToolCommon.h */,
				FA7568412BAECF1C00408700 /* CTMediatorToolCommon.m */,
				FA7568432BAECF3C00408700 /* Target_CTMediatorToolCommon.h */,
				FA7568442BAECF3C00408700 /* Target_CTMediatorToolCommon.m */,
			);
			path = CTMediatorPage;
			sourceTree = "<group>";
		};
		FA7568492BAED31F00408700 /* CTMediator */ = {
			isa = PBXGroup;
			children = (
				FA7568462BAECFF500408700 /* CTMediator+Fundication.h */,
				FA7568472BAECFF500408700 /* CTMediator+Fundication.m */,
				FA75683D2BAECDE200408700 /* CTMediator+PageJump.h */,
				FA75683E2BAECDE200408700 /* CTMediator+PageJump.m */,
				FA7568302BAECC0F00408700 /* CTMediatorPage */,
			);
			path = CTMediator;
			sourceTree = "<group>";
		};
		FA75684D2BAEDB7A00408700 /* ProtcolRoute */ = {
			isa = PBXGroup;
			children = (
				FA7380382BB1043600D1534E /* ProtcolRoutePage */,
				FA7380372BB1039500D1534E /* ProtocolRouteMediatorProtocol.h */,
				FA7380342BB1031400D1534E /* ProtocolRouteMediator.h */,
				FA7380352BB1031400D1534E /* ProtocolRouteMediator.m */,
			);
			path = ProtcolRoute;
			sourceTree = "<group>";
		};
		FA75684E2BB0226C00408700 /* categoary */ = {
			isa = PBXGroup;
			children = (
				FA75684F2BB022B700408700 /* NSArray+Safe.h */,
				FA7568502BB022B700408700 /* NSArray+Safe.m */,
			);
			path = categoary;
			sourceTree = "<group>";
		};
		FA828CD72BA2EE1E00EAD006 /* RuntimeSimple */ = {
			isa = PBXGroup;
			children = (
				FA828CD82BA2EE3F00EAD006 /* RuntimrSimple.h */,
				FA828CD92BA2EE3F00EAD006 /* RuntimrSimple.m */,
				FA03691A2BA6CA4E0039D890 /* MethodClassA.h */,
				FA03691B2BA6CA4E0039D890 /* MethodClassA.m */,
				FA03691D2BA6CA5D0039D890 /* MethodClassB.h */,
				FA03691E2BA6CA5D0039D890 /* MethodClassB.m */,
			);
			path = RuntimeSimple;
			sourceTree = "<group>";
		};
/* End PBXGroup section */

/* Begin PBXNativeTarget section */
		48075C7721E49E8C0063CA8D /* BaseAlgorithm */ = {
			isa = PBXNativeTarget;
			buildConfigurationList = 48075C9121E49E910063CA8D /* Build configuration list for PBXNativeTarget "BaseAlgorithm" */;
			buildPhases = (
				DA80C7DEE2C15EC7B433B893 /* [CP] Check Pods Manifest.lock */,
				48075C7421E49E8C0063CA8D /* Sources */,
				48075C7521E49E8C0063CA8D /* Frameworks */,
				48075C7621E49E8C0063CA8D /* Resources */,
			);
			buildRules = (
			);
			dependencies = (
			);
			name = BaseAlgorithm;
			productName = BaseAlgorithm;
			productReference = 48075C7821E49E8C0063CA8D /* BaseAlgorithm.app */;
			productType = "com.apple.product-type.application";
		};
/* End PBXNativeTarget section */

/* Begin PBXProject section */
		48075C7021E49E8C0063CA8D /* Project object */ = {
			isa = PBXProject;
			attributes = {
				BuildIndependentTargetsInParallel = YES;
				LastUpgradeCheck = 1520;
				ORGANIZATIONNAME = joker;
				TargetAttributes = {
					48075C7721E49E8C0063CA8D = {
						CreatedOnToolsVersion = 10.1;
					};
				};
			};
			buildConfigurationList = 48075C7321E49E8C0063CA8D /* Build configuration list for PBXProject "BaseAlgorithm" */;
			compatibilityVersion = "Xcode 9.3";
			developmentRegion = en;
			hasScannedForEncodings = 0;
			knownRegions = (
				en,
				Base,
			);
			mainGroup = 48075C6F21E49E8C0063CA8D;
			productRefGroup = 48075C7921E49E8C0063CA8D /* Products */;
			projectDirPath = "";
			projectRoot = "";
			targets = (
				48075C7721E49E8C0063CA8D /* BaseAlgorithm */,
			);
		};
/* End PBXProject section */

/* Begin PBXResourcesBuildPhase section */
		48075C7621E49E8C0063CA8D /* Resources */ = {
			isa = PBXResourcesBuildPhase;
			buildActionMask = 2147483647;
			files = (
				48075C8B21E49E910063CA8D /* LaunchScreen.storyboard in Resources */,
				48075C8821E49E910063CA8D /* Assets.xcassets in Resources */,
			);
			runOnlyForDeploymentPostprocessing = 0;
		};
/* End PBXResourcesBuildPhase section */

/* Begin PBXShellScriptBuildPhase section */
		DA80C7DEE2C15EC7B433B893 /* [CP] Check Pods Manifest.lock */ = {
			isa = PBXShellScriptBuildPhase;
			buildActionMask = 2147483647;
			files = (
			);
			inputFileListPaths = (
			);
			inputPaths = (
				"${PODS_PODFILE_DIR_PATH}/Podfile.lock",
				"${PODS_ROOT}/Manifest.lock",
			);
			name = "[CP] Check Pods Manifest.lock";
			outputFileListPaths = (
			);
			outputPaths = (
				"$(DERIVED_FILE_DIR)/Pods-BaseAlgorithm-checkManifestLockResult.txt",
			);
			runOnlyForDeploymentPostprocessing = 0;
			shellPath = /bin/sh;
			shellScript = "diff \"${PODS_PODFILE_DIR_PATH}/Podfile.lock\" \"${PODS_ROOT}/Manifest.lock\" > /dev/null\nif [ $? != 0 ] ; then\n    # print error to STDERR\n    echo \"error: The sandbox is not in sync with the Podfile.lock. Run 'pod install' or update your CocoaPods installation.\" >&2\n    exit 1\nfi\n# This output is used by Xcode 'outputs' to avoid re-running this script phase.\necho \"SUCCESS\" > \"${SCRIPT_OUTPUT_FILE_0}\"\n";
			showEnvVarsInLog = 0;
		};
/* End PBXShellScriptBuildPhase section */

/* Begin PBXSourcesBuildPhase section */
		48075C7421E49E8C0063CA8D /* Sources */ = {
			isa = PBXSourcesBuildPhase;
			buildActionMask = 2147483647;
			files = (
				FA7380362BB1031400D1534E /* ProtocolRouteMediator.m in Sources */,
				FA1DC1952BA82067000920F3 /* RunloopSimple.m in Sources */,
				FA7568362BAECC3300408700 /* CTMediatorBVC.m in Sources */,
				FA7568452BAECF3C00408700 /* Target_CTMediatorToolCommon.m in Sources */,
				FA1DC1A82BA93A2D000920F3 /* BlockSimpleCode.m in Sources */,
				FA3632BD21E88A3600ADCDD8 /* JMOperation.m in Sources */,
				48075C8321E49E8C0063CA8D /* SortViewController.m in Sources */,
				FA03691F2BA6CA5D0039D890 /* MethodClassB.m in Sources */,
				FA7567E52BAD751600408700 /* imageType.m in Sources */,
				FA73803B2BB1045B00D1534E /* ProtcolRouteBaseVC.m in Sources */,
				FA75683F2BAECDE200408700 /* CTMediator+PageJump.m in Sources */,
				FA75682D2BAECBC200408700 /* MGJRouter.m in Sources */,
				FA7568332BAECC2600408700 /* CTMediatorAVC.m in Sources */,
				FA7567E22BAD73EF00408700 /* TvRemort.m in Sources */,
				FA3632BA21E8828600ADCDD8 /* NSOperationSimple.m in Sources */,
				48075C7D21E49E8C0063CA8D /* AppDelegate.m in Sources */,
				FA1DC1A42BA91D05000920F3 /* SimpleMode.m in Sources */,
				FA1DC1AD2BA93AD6000920F3 /* BlockSimpleCCode.m in Sources */,
				FA1DC1C32BAD2851000920F3 /* MvcModel.m in Sources */,
				FA03691C2BA6CA4E0039D890 /* MethodClassA.m in Sources */,
				FA828CDA2BA2EE3F00EAD006 /* RuntimrSimple.m in Sources */,
				48075C9821E576B30063CA8D /* BinaryTreeNode.m in Sources */,
				FA1DC1B42BAAD516000920F3 /* SimpleView.m in Sources */,
				FA1DC1992BA82AA3000920F3 /* KVOSimple.m in Sources */,
				48075C8E21E49E910063CA8D /* main.m in Sources */,
				FA7567DC2BAD70B800408700 /* UIButton+hook.m in Sources */,
				FA7568542BB0240100408700 /* runtime.m in Sources */,
				FA1DC1A12BA91A33000920F3 /* SimpleConfigManager.m in Sources */,
				FA1DC1B12BAAD4DC000920F3 /* SimpleViewController.m in Sources */,
				FA7568512BB022B700408700 /* NSArray+Safe.m in Sources */,
				FA1DC19D2BA919AA000920F3 /* BlockSimple.m in Sources */,
				FA1DC1C02BAD2837000920F3 /* MvcViewController.m in Sources */,
				FA75684C2BAED38E00408700 /* RootViewController.m in Sources */,
				FA1DC1C62BAD2862000920F3 /* MvcView.m in Sources */,
				FA7568482BAECFF500408700 /* CTMediator+Fundication.m in Sources */,
				FA3632B621E82DA400ADCDD8 /* GCDSimple.m in Sources */,
				48075C9C21E59F560063CA8D /* SortAlgorithm.m in Sources */,
				FA7568422BAECF1C00408700 /* CTMediatorToolCommon.m in Sources */,
				FA75682E2BAECBC200408700 /* CTMediator.m in Sources */,
				FA75683C2BAECD2100408700 /* Target_CTMediatorBVC.m in Sources */,
				FA7568392BAECD0D00408700 /* Target_CTMediatorAVC.m in Sources */,
			);
			runOnlyForDeploymentPostprocessing = 0;
		};
/* End PBXSourcesBuildPhase section */

/* Begin PBXVariantGroup section */
		48075C8921E49E910063CA8D /* LaunchScreen.storyboard */ = {
			isa = PBXVariantGroup;
			children = (
				48075C8A21E49E910063CA8D /* Base */,
			);
			name = LaunchScreen.storyboard;
			sourceTree = "<group>";
		};
/* End PBXVariantGroup section */

/* Begin XCBuildConfiguration section */
		48075C8F21E49E910063CA8D /* Debug */ = {
			isa = XCBuildConfiguration;
			buildSettings = {
				ALWAYS_SEARCH_USER_PATHS = NO;
				ASSETCATALOG_COMPILER_GENERATE_SWIFT_ASSET_SYMBOL_EXTENSIONS = YES;
				CLANG_ANALYZER_NONNULL = YES;
				CLANG_ANALYZER_NUMBER_OBJECT_CONVERSION = YES_AGGRESSIVE;
				CLANG_CXX_LANGUAGE_STANDARD = "gnu++14";
				CLANG_CXX_LIBRARY = "libc++";
				CLANG_ENABLE_MODULES = YES;
				CLANG_ENABLE_OBJC_ARC = YES;
				CLANG_ENABLE_OBJC_WEAK = YES;
				CLANG_WARN_BLOCK_CAPTURE_AUTORELEASING = YES;
				CLANG_WARN_BOOL_CONVERSION = YES;
				CLANG_WARN_COMMA = YES;
				CLANG_WARN_CONSTANT_CONVERSION = YES;
				CLANG_WARN_DEPRECATED_OBJC_IMPLEMENTATIONS = YES;
				CLANG_WARN_DIRECT_OBJC_ISA_USAGE = YES_ERROR;
				CLANG_WARN_DOCUMENTATION_COMMENTS = YES;
				CLANG_WARN_EMPTY_BODY = YES;
				CLANG_WARN_ENUM_CONVERSION = YES;
				CLANG_WARN_INFINITE_RECURSION = YES;
				CLANG_WARN_INT_CONVERSION = YES;
				CLANG_WARN_NON_LITERAL_NULL_CONVERSION = YES;
				CLANG_WARN_OBJC_IMPLICIT_RETAIN_SELF = YES;
				CLANG_WARN_OBJC_LITERAL_CONVERSION = YES;
				CLANG_WARN_OBJC_ROOT_CLASS = YES_ERROR;
				CLANG_WARN_QUOTED_INCLUDE_IN_FRAMEWORK_HEADER = YES;
				CLANG_WARN_RANGE_LOOP_ANALYSIS = YES;
				CLANG_WARN_STRICT_PROTOTYPES = YES;
				CLANG_WARN_SUSPICIOUS_MOVE = YES;
				CLANG_WARN_UNGUARDED_AVAILABILITY = YES_AGGRESSIVE;
				CLANG_WARN_UNREACHABLE_CODE = YES;
				CLANG_WARN__DUPLICATE_METHOD_MATCH = YES;
				CODE_SIGN_IDENTITY = "iPhone Developer";
				COPY_PHASE_STRIP = NO;
				DEBUG_INFORMATION_FORMAT = dwarf;
				ENABLE_STRICT_OBJC_MSGSEND = NO;
				ENABLE_TESTABILITY = YES;
				ENABLE_USER_SCRIPT_SANDBOXING = YES;
				GCC_C_LANGUAGE_STANDARD = gnu11;
				GCC_DYNAMIC_NO_PIC = NO;
				GCC_NO_COMMON_BLOCKS = YES;
				GCC_OPTIMIZATION_LEVEL = 0;
				GCC_PREPROCESSOR_DEFINITIONS = (
					"DEBUG=1",
					"$(inherited)",
				);
				GCC_WARN_64_TO_32_BIT_CONVERSION = YES;
				GCC_WARN_ABOUT_RETURN_TYPE = YES_ERROR;
				GCC_WARN_UNDECLARED_SELECTOR = YES;
				GCC_WARN_UNINITIALIZED_AUTOS = YES_AGGRESSIVE;
				GCC_WARN_UNUSED_FUNCTION = YES;
				GCC_WARN_UNUSED_VARIABLE = YES;
				IPHONEOS_DEPLOYMENT_TARGET = 12.1;
				MTL_ENABLE_DEBUG_INFO = INCLUDE_SOURCE;
				MTL_FAST_MATH = YES;
				ONLY_ACTIVE_ARCH = YES;
				SDKROOT = iphoneos;
			};
			name = Debug;
		};
		48075C9021E49E910063CA8D /* Release */ = {
			isa = XCBuildConfiguration;
			buildSettings = {
				ALWAYS_SEARCH_USER_PATHS = NO;
				ASSETCATALOG_COMPILER_GENERATE_SWIFT_ASSET_SYMBOL_EXTENSIONS = YES;
				CLANG_ANALYZER_NONNULL = YES;
				CLANG_ANALYZER_NUMBER_OBJECT_CONVERSION = YES_AGGRESSIVE;
				CLANG_CXX_LANGUAGE_STANDARD = "gnu++14";
				CLANG_CXX_LIBRARY = "libc++";
				CLANG_ENABLE_MODULES = YES;
				CLANG_ENABLE_OBJC_ARC = YES;
				CLANG_ENABLE_OBJC_WEAK = YES;
				CLANG_WARN_BLOCK_CAPTURE_AUTORELEASING = YES;
				CLANG_WARN_BOOL_CONVERSION = YES;
				CLANG_WARN_COMMA = YES;
				CLANG_WARN_CONSTANT_CONVERSION = YES;
				CLANG_WARN_DEPRECATED_OBJC_IMPLEMENTATIONS = YES;
				CLANG_WARN_DIRECT_OBJC_ISA_USAGE = YES_ERROR;
				CLANG_WARN_DOCUMENTATION_COMMENTS = YES;
				CLANG_WARN_EMPTY_BODY = YES;
				CLANG_WARN_ENUM_CONVERSION = YES;
				CLANG_WARN_INFINITE_RECURSION = YES;
				CLANG_WARN_INT_CONVERSION = YES;
				CLANG_WARN_NON_LITERAL_NULL_CONVERSION = YES;
				CLANG_WARN_OBJC_IMPLICIT_RETAIN_SELF = YES;
				CLANG_WARN_OBJC_LITERAL_CONVERSION = YES;
				CLANG_WARN_OBJC_ROOT_CLASS = YES_ERROR;
				CLANG_WARN_QUOTED_INCLUDE_IN_FRAMEWORK_HEADER = YES;
				CLANG_WARN_RANGE_LOOP_ANALYSIS = YES;
				CLANG_WARN_STRICT_PROTOTYPES = YES;
				CLANG_WARN_SUSPICIOUS_MOVE = YES;
				CLANG_WARN_UNGUARDED_AVAILABILITY = YES_AGGRESSIVE;
				CLANG_WARN_UNREACHABLE_CODE = YES;
				CLANG_WARN__DUPLICATE_METHOD_MATCH = YES;
				CODE_SIGN_IDENTITY = "iPhone Developer";
				COPY_PHASE_STRIP = NO;
				DEBUG_INFORMATION_FORMAT = "dwarf-with-dsym";
				ENABLE_NS_ASSERTIONS = NO;
				ENABLE_STRICT_OBJC_MSGSEND = NO;
				ENABLE_USER_SCRIPT_SANDBOXING = YES;
				GCC_C_LANGUAGE_STANDARD = gnu11;
				GCC_NO_COMMON_BLOCKS = YES;
				GCC_WARN_64_TO_32_BIT_CONVERSION = YES;
				GCC_WARN_ABOUT_RETURN_TYPE = YES_ERROR;
				GCC_WARN_UNDECLARED_SELECTOR = YES;
				GCC_WARN_UNINITIALIZED_AUTOS = YES_AGGRESSIVE;
				GCC_WARN_UNUSED_FUNCTION = YES;
				GCC_WARN_UNUSED_VARIABLE = YES;
				IPHONEOS_DEPLOYMENT_TARGET = 12.1;
				MTL_ENABLE_DEBUG_INFO = NO;
				MTL_FAST_MATH = YES;
				SDKROOT = iphoneos;
				VALIDATE_PRODUCT = YES;
			};
			name = Release;
		};
		48075C9221E49E910063CA8D /* Debug */ = {
			isa = XCBuildConfiguration;
			baseConfigurationReference = 0A991D469394336ABBF0B8FC /* Pods-BaseAlgorithm.debug.xcconfig */;
			buildSettings = {
				ASSETCATALOG_COMPILER_APPICON_NAME = AppIcon;
				CODE_SIGN_STYLE = Automatic;
				DEVELOPMENT_TEAM = S93X337HM6;
				INFOPLIST_FILE = BaseAlgorithm/Info.plist;
				LD_RUNPATH_SEARCH_PATHS = (
					"$(inherited)",
					"@executable_path/Frameworks",
				);
				PRODUCT_BUNDLE_IDENTIFIER = com.jm.BaseAlgorithm;
				PRODUCT_NAME = "$(TARGET_NAME)";
				TARGETED_DEVICE_FAMILY = "1,2";
			};
			name = Debug;
		};
		48075C9321E49E910063CA8D /* Release */ = {
			isa = XCBuildConfiguration;
			baseConfigurationReference = F103938412E18DC244EBF304 /* Pods-BaseAlgorithm.release.xcconfig */;
			buildSettings = {
				ASSETCATALOG_COMPILER_APPICON_NAME = AppIcon;
				CODE_SIGN_STYLE = Automatic;
				DEVELOPMENT_TEAM = S93X337HM6;
				INFOPLIST_FILE = BaseAlgorithm/Info.plist;
				LD_RUNPATH_SEARCH_PATHS = (
					"$(inherited)",
					"@executable_path/Frameworks",
				);
				PRODUCT_BUNDLE_IDENTIFIER = com.jm.BaseAlgorithm;
				PRODUCT_NAME = "$(TARGET_NAME)";
				TARGETED_DEVICE_FAMILY = "1,2";
			};
			name = Release;
		};
/* End XCBuildConfiguration section */

/* Begin XCConfigurationList section */
		48075C7321E49E8C0063CA8D /* Build configuration list for PBXProject "BaseAlgorithm" */ = {
			isa = XCConfigurationList;
			buildConfigurations = (
				48075C8F21E49E910063CA8D /* Debug */,
				48075C9021E49E910063CA8D /* Release */,
			);
			defaultConfigurationIsVisible = 0;
			defaultConfigurationName = Release;
		};
		48075C9121E49E910063CA8D /* Build configuration list for PBXNativeTarget "BaseAlgorithm" */ = {
			isa = XCConfigurationList;
			buildConfigurations = (
				48075C9221E49E910063CA8D /* Debug */,
				48075C9321E49E910063CA8D /* Release */,
			);
			defaultConfigurationIsVisible = 0;
			defaultConfigurationName = Release;
		};
/* End XCConfigurationList section */
	};
	rootObject = 48075C7021E49E8C0063CA8D /* Project object */;
}
